
Microsoft Visual Studio Solution File, Format Version 12.00
# Visual Studio Version 17
VisualStudioVersion = 17.0.32112.339
MinimumVisualStudioVersion = 10.0.40219.1
Project("{FAE04EC0-301F-11D3-BF4B-00C04F79EFBC}") = "VehicleRentalSystem", "VehicleRentalSystem\VehicleRentalSystem.csproj", "{DF064903-1E10-4E7E-B6A3-7FA3EFD0EE76}"
EndProject
Global
	GlobalSection(SolutionConfigurationPlatforms) = preSolution
		Debug|Any CPU = Debug|Any CPU
		Release|Any CPU = Release|Any CPU
	EndGlobalSection
	GlobalSection(ProjectConfigurationPlatforms) = postSolution
		{DF064903-1E10-4E7E-B6A3-7FA3EFD0EE76}.Debug|Any CPU.ActiveCfg = Debug|Any CPU
		{DF064903-1E10-4E7E-B6A3-7FA3EFD0EE76}.Debug|Any CPU.Build.0 = Debug|Any CPU
		{DF064903-1E10-4E7E-B6A3-7FA3EFD0EE76}.Release|Any CPU.ActiveCfg = Release|Any CPU
		{DF064903-1E10-4E7E-B6A3-7FA3EFD0EE76}.Release|Any CPU.Build.0 = Release|Any CPU
	EndGlobalSection
	GlobalSection(SolutionProperties) = preSolution
		HideSolutionNode = FALSE
	EndGlobalSection
	GlobalSection(ExtensibilityGlobals) = postSolution
		SolutionGuid = {AF114893-3EFC-4A6E-B644-0CD6F2FB0CDD}
	EndGlobalSection
EndGlobal
